// !$*UTF8*$!
{
	archiveVersion = 1;
	classes = {
	};
	objectVersion = 56;
	objects = {

/* Begin PBXBuildFile section */
		AD2F66192B8D62E80040C7ED /* AppDelegate.swift in Sources */ = {isa = PBXBuildFile; fileRef = AD2F66182B8D62E80040C7ED /* AppDelegate.swift */; };
		AD2F661B2B8D62E80040C7ED /* SceneDelegate.swift in Sources */ = {isa = PBXBuildFile; fileRef = AD2F661A2B8D62E80040C7ED /* SceneDelegate.swift */; };
		AD2F661D2B8D62E80040C7ED /* ViewController.swift in Sources */ = {isa = PBXBuildFile; fileRef = AD2F661C2B8D62E80040C7ED /* ViewController.swift */; };
		AD2F66202B8D62E80040C7ED /* Main.storyboard in Resources */ = {isa = PBXBuildFile; fileRef = AD2F661E2B8D62E80040C7ED /* Main.storyboard */; };
		AD2F66222B8D62EC0040C7ED /* Assets.xcassets in Resources */ = {isa = PBXBuildFile; fileRef = AD2F66212B8D62EC0040C7ED /* Assets.xcassets */; };
		AD2F66252B8D62EC0040C7ED /* LaunchScreen.storyboard in Resources */ = {isa = PBXBuildFile; fileRef = AD2F66232B8D62EC0040C7ED /* LaunchScreen.storyboard */; };
		AD2F66302B8D62ED0040C7ED /* video_playerTests.swift in Sources */ = {isa = PBXBuildFile; fileRef = AD2F662F2B8D62ED0040C7ED /* video_playerTests.swift */; };
		AD2F663A2B8D62ED0040C7ED /* video_playerUITests.swift in Sources */ = {isa = PBXBuildFile; fileRef = AD2F66392B8D62ED0040C7ED /* video_playerUITests.swift */; };
		AD2F663C2B8D62ED0040C7ED /* video_playerUITestsLaunchTests.swift in Sources */ = {isa = PBXBuildFile; fileRef = AD2F663B2B8D62ED0040C7ED /* video_playerUITestsLaunchTests.swift */; };
		AD2F66492B8D69460040C7ED /* test.mp4 in Resources */ = {isa = PBXBuildFile; fileRef = AD2F66482B8D69460040C7ED /* test.mp4 */; };
/* End PBXBuildFile section */

/* Begin PBXContainerItemProxy section */
		AD2F662C2B8D62ED0040C7ED /* PBXContainerItemProxy */ = {
			isa = PBXContainerItemProxy;
			containerPortal = AD2F660D2B8D62E80040C7ED /* Project object */;
			proxyType = 1;
			remoteGlobalIDString = AD2F66142B8D62E80040C7ED;
			remoteInfo = video_player;
		};
		AD2F66362B8D62ED0040C7ED /* PBXContainerItemProxy */ = {
			isa = PBXContainerItemProxy;
			containerPortal = AD2F660D2B8D62E80040C7ED /* Project object */;
			proxyType = 1;
			remoteGlobalIDString = AD2F66142B8D62E80040C7ED;
			remoteInfo = video_player;
		};
/* End PBXContainerItemProxy section */

/* Begin PBXFileReference section */
		AD2F66152B8D62E80040C7ED /* video_player.app */ = {isa = PBXFileReference; explicitFileType = wrapper.application; includeInIndex = 0; path = video_player.app; sourceTree = BUILT_PRODUCTS_DIR; };
		AD2F66182B8D62E80040C7ED /* AppDelegate.swift */ = {isa = PBXFileReference; lastKnownFileType = sourcecode.swift; path = AppDelegate.swift; sourceTree = "<group>"; };
		AD2F661A2B8D62E80040C7ED /* SceneDelegate.swift */ = {isa = PBXFileReference; lastKnownFileType = sourcecode.swift; path = SceneDelegate.swift; sourceTree = "<group>"; };
		AD2F661C2B8D62E80040C7ED /* ViewController.swift */ = {isa = PBXFileReference; lastKnownFileType = sourcecode.swift; path = ViewController.swift; sourceTree = "<group>"; };
		AD2F661F2B8D62E80040C7ED /* Base */ = {isa = PBXFileReference; lastKnownFileType = file.storyboard; name = Base; path = Base.lproj/Main.storyboard; sourceTree = "<group>"; };
		AD2F66212B8D62EC0040C7ED /* Assets.xcassets */ = {isa = PBXFileReference; lastKnownFileType = folder.assetcatalog; path = Assets.xcassets; sourceTree = "<group>"; };
		AD2F66242B8D62EC0040C7ED /* Base */ = {isa = PBXFileReference; lastKnownFileType = file.storyboard; name = Base; path = Base.lproj/LaunchScreen.storyboard; sourceTree = "<group>"; };
		AD2F66262B8D62EC0040C7ED /* Info.plist */ = {isa = PBXFileReference; lastKnownFileType = text.plist.xml; path = Info.plist; sourceTree = "<group>"; };
		AD2F662B2B8D62ED0040C7ED /* video_playerTests.xctest */ = {isa = PBXFileReference; explicitFileType = wrapper.cfbundle; includeInIndex = 0; path = video_playerTests.xctest; sourceTree = BUILT_PRODUCTS_DIR; };
		AD2F662F2B8D62ED0040C7ED /* video_playerTests.swift */ = {isa = PBXFileReference; lastKnownFileType = sourcecode.swift; path = video_playerTests.swift; sourceTree = "<group>"; };
		AD2F66352B8D62ED0040C7ED /* video_playerUITests.xctest */ = {isa = PBXFileReference; explicitFileType = wrapper.cfbundle; includeInIndex = 0; path = video_playerUITests.xctest; sourceTree = BUILT_PRODUCTS_DIR; };
		AD2F66392B8D62ED0040C7ED /* video_playerUITests.swift */ = {isa = PBXFileReference; lastKnownFileType = sourcecode.swift; path = video_playerUITests.swift; sourceTree = "<group>"; };
		AD2F663B2B8D62ED0040C7ED /* video_playerUITestsLaunchTests.swift */ = {isa = PBXFileReference; lastKnownFileType = sourcecode.swift; path = video_playerUITestsLaunchTests.swift; sourceTree = "<group>"; };
		AD2F66482B8D69460040C7ED /* test.mp4 */ = {isa = PBXFileReference; lastKnownFileType = file; name = test.mp4; path = ../../../test.mp4; sourceTree = "<group>"; };
/* End PBXFileReference section */

/* Begin PBXFrameworksBuildPhase section */
		AD2F66122B8D62E80040C7ED /* Frameworks */ = {
			isa = PBXFrameworksBuildPhase;
			buildActionMask = 2147483647;
			files = (
			);
			runOnlyForDeploymentPostprocessing = 0;
		};
		AD2F66282B8D62ED0040C7ED /* Frameworks */ = {
			isa = PBXFrameworksBuildPhase;
			buildActionMask = 2147483647;
			files = (
			);
			runOnlyForDeploymentPostprocessing = 0;
		};
		AD2F66322B8D62ED0040C7ED /* Frameworks */ = {
			isa = PBXFrameworksBuildPhase;
			buildActionMask = 2147483647;
			files = (
			);
			runOnlyForDeploymentPostprocessing = 0;
		};
/* End PBXFrameworksBuildPhase section */

/* Begin PBXGroup section */
		AD2F660C2B8D62E80040C7ED = {
			isa = PBXGroup;
			children = (
				AD2F66172B8D62E80040C7ED /* video_player */,
				AD2F662E2B8D62ED0040C7ED /* video_playerTests */,
				AD2F66382B8D62ED0040C7ED /* video_playerUITests */,
				AD2F66162B8D62E80040C7ED /* Products */,
			);
			sourceTree = "<group>";
		};
		AD2F66162B8D62E80040C7ED /* Products */ = {
			isa = PBXGroup;
			children = (
				AD2F66152B8D62E80040C7ED /* video_player.app */,
				AD2F662B2B8D62ED0040C7ED /* video_playerTests.xctest */,
				AD2F66352B8D62ED0040C7ED /* video_playerUITests.xctest */,
			);
			name = Products;
			sourceTree = "<group>";
		};
		AD2F66172B8D62E80040C7ED /* video_player */ = {
			isa = PBXGroup;
			children = (
				AD2F66182B8D62E80040C7ED /* AppDelegate.swift */,
				AD2F661A2B8D62E80040C7ED /* SceneDelegate.swift */,
				AD2F661C2B8D62E80040C7ED /* ViewController.swift */,
				AD2F66212B8D62EC0040C7ED /* Assets.xcassets */,
				AD2F66232B8D62EC0040C7ED /* LaunchScreen.storyboard */,
				AD2F66482B8D69460040C7ED /* test.mp4 */,
				AD2F66262B8D62EC0040C7ED /* Info.plist */,
				AD2F661E2B8D62E80040C7ED /* Main.storyboard */,
			);
			path = video_player;
			sourceTree = "<group>";
		};
		AD2F662E2B8D62ED0040C7ED /* video_playerTests */ = {
			isa = PBXGroup;
			children = (
				AD2F662F2B8D62ED0040C7ED /* video_playerTests.swift */,
			);
			path = video_playerTests;
			sourceTree = "<group>";
		};
		AD2F66382B8D62ED0040C7ED /* video_playerUITests */ = {
			isa = PBXGroup;
			children = (
				AD2F66392B8D62ED0040C7ED /* video_playerUITests.swift */,
				AD2F663B2B8D62ED0040C7ED /* video_playerUITestsLaunchTests.swift */,
			);
			path = video_playerUITests;
			sourceTree = "<group>";
		};
/* End PBXGroup section */

/* Begin PBXNativeTarget section */
		AD2F66142B8D62E80040C7ED /* video_player */ = {
			isa = PBXNativeTarget;
			buildConfigurationList = AD2F663F2B8D62ED0040C7ED /* Build configuration list for PBXNativeTarget "video_player" */;
			buildPhases = (
				AD2F66112B8D62E80040C7ED /* Sources */,
				AD2F66122B8D62E80040C7ED /* Frameworks */,
				AD2F66132B8D62E80040C7ED /* Resources */,
			);
			buildRules = (
			);
			dependencies = (
			);
			name = video_player;
			productName = video_player;
			productReference = AD2F66152B8D62E80040C7ED /* video_player.app */;
			productType = "com.apple.product-type.application";
		};
		AD2F662A2B8D62ED0040C7ED /* video_playerTests */ = {
			isa = PBXNativeTarget;
			buildConfigurationList = AD2F66422B8D62ED0040C7ED /* Build configuration list for PBXNativeTarget "video_playerTests" */;
			buildPhases = (
				AD2F66272B8D62ED0040C7ED /* Sources */,
				AD2F66282B8D62ED0040C7ED /* Frameworks */,
				AD2F66292B8D62ED0040C7ED /* Resources */,
			);
			buildRules = (
			);
			dependencies = (
				AD2F662D2B8D62ED0040C7ED /* PBXTargetDependency */,
			);
			name = video_playerTests;
			productName = video_playerTests;
			productReference = AD2F662B2B8D62ED0040C7ED /* video_playerTests.xctest */;
			productType = "com.apple.product-type.bundle.unit-test";
		};
		AD2F66342B8D62ED0040C7ED /* video_playerUITests */ = {
			isa = PBXNativeTarget;
			buildConfigurationList = AD2F66452B8D62ED0040C7ED /* Build configuration list for PBXNativeTarget "video_playerUITests" */;
			buildPhases = (
				AD2F66312B8D62ED0040C7ED /* Sources */,
				AD2F66322B8D62ED0040C7ED /* Frameworks */,
				AD2F66332B8D62ED0040C7ED /* Resources */,
			);
			buildRules = (
			);
			dependencies = (
				AD2F66372B8D62ED0040C7ED /* PBXTargetDependency */,
			);
			name = video_playerUITests;
			productName = video_playerUITests;
			productReference = AD2F66352B8D62ED0040C7ED /* video_playerUITests.xctest */;
			productType = "com.apple.product-type.bundle.ui-testing";
		};
/* End PBXNativeTarget section */

/* Begin PBXProject section */
		AD2F660D2B8D62E80040C7ED /* Project object */ = {
			isa = PBXProject;
			attributes = {
				BuildIndependentTargetsInParallel = 1;
				LastSwiftUpdateCheck = 1520;
				LastUpgradeCheck = 1520;
				TargetAttributes = {
					AD2F66142B8D62E80040C7ED = {
						CreatedOnToolsVersion = 15.2;
					};
					AD2F662A2B8D62ED0040C7ED = {
						CreatedOnToolsVersion = 15.2;
						TestTargetID = AD2F66142B8D62E80040C7ED;
					};
					AD2F66342B8D62ED0040C7ED = {
						CreatedOnToolsVersion = 15.2;
						TestTargetID = AD2F66142B8D62E80040C7ED;
					};
				};
			};
			buildConfigurationList = AD2F66102B8D62E80040C7ED /* Build configuration list for PBXProject "video_player" */;
			compatibilityVersion = "Xcode 14.0";
			developmentRegion = en;
			hasScannedForEncodings = 0;
			knownRegions = (
				en,
				Base,
			);
			mainGroup = AD2F660C2B8D62E80040C7ED;
			productRefGroup = AD2F66162B8D62E80040C7ED /* Products */;
			projectDirPath = "";
			projectRoot = "";
			targets = (
				AD2F66142B8D62E80040C7ED /* video_player */,
				AD2F662A2B8D62ED0040C7ED /* video_playerTests */,
				AD2F66342B8D62ED0040C7ED /* video_playerUITests */,
			);
		};
/* End PBXProject section */

/* Begin PBXResourcesBuildPhase section */
		AD2F66132B8D62E80040C7ED /* Resources */ = {
			isa = PBXResourcesBuildPhase;
			buildActionMask = 2147483647;
			files = (
				AD2F66252B8D62EC0040C7ED /* LaunchScreen.storyboard in Resources */,
				AD2F66222B8D62EC0040C7ED /* Assets.xcassets in Resources */,
				AD2F66202B8D62E80040C7ED /* Main.storyboard in Resources */,
				AD2F66492B8D69460040C7ED /* test.mp4 in Resources */,
			);
			runOnlyForDeploymentPostprocessing = 0;
		};
		AD2F66292B8D62ED0040C7ED /* Resources */ = {
			isa = PBXResourcesBuildPhase;
			buildActionMask = 2147483647;
			files = (
			);
			runOnlyForDeploymentPostprocessing = 0;
		};
		AD2F66332B8D62ED0040C7ED /* Resources */ = {
			isa = PBXResourcesBuildPhase;
			buildActionMask = 2147483647;
			files = (
			);
			runOnlyForDeploymentPostprocessing = 0;
		};
/* End PBXResourcesBuildPhase section */

/* Begin PBXSourcesBuildPhase section */
		AD2F66112B8D62E80040C7ED /* Sources */ = {
			isa = PBXSourcesBuildPhase;
			buildActionMask = 2147483647;
			files = (
				AD2F661D2B8D62E80040C7ED /* ViewController.swift in Sources */,
				AD2F66192B8D62E80040C7ED /* AppDelegate.swift in Sources */,
				AD2F661B2B8D62E80040C7ED /* SceneDelegate.swift in Sources */,
			);
			runOnlyForDeploymentPostprocessing = 0;
		};
		AD2F66272B8D62ED0040C7ED /* Sources */ = {
			isa = PBXSourcesBuildPhase;
			buildActionMask = 2147483647;
			files = (
				AD2F66302B8D62ED0040C7ED /* video_playerTests.swift in Sources */,
			);
			runOnlyForDeploymentPostprocessing = 0;
		};
		AD2F66312B8D62ED0040C7ED /* Sources */ = {
			isa = PBXSourcesBuildPhase;
			buildActionMask = 2147483647;
			files = (
				AD2F663A2B8D62ED0040C7ED /* video_playerUITests.swift in Sources */,
				AD2F663C2B8D62ED0040C7ED /* video_playerUITestsLaunchTests.swift in Sources */,
			);
			runOnlyForDeploymentPostprocessing = 0;
		};
/* End PBXSourcesBuildPhase section */

/* Begin PBXTargetDependency section */
		AD2F662D2B8D62ED0040C7ED /* PBXTargetDependency */ = {
			isa = PBXTargetDependency;
			target = AD2F66142B8D62E80040C7ED /* video_player */;
			targetProxy = AD2F662C2B8D62ED0040C7ED /* PBXContainerItemProxy */;
		};
		AD2F66372B8D62ED0040C7ED /* PBXTargetDependency */ = {
			isa = PBXTargetDependency;
			target = AD2F66142B8D62E80040C7ED /* video_player */;
			targetProxy = AD2F66362B8D62ED0040C7ED /* PBXContainerItemProxy */;
		};
/* End PBXTargetDependency section */

/* Begin PBXVariantGroup section */
		AD2F661E2B8D62E80040C7ED /* Main.storyboard */ = {
			isa = PBXVariantGroup;
			children = (
				AD2F661F2B8D62E80040C7ED /* Base */,
			);
			name = Main.storyboard;
			sourceTree = "<group>";
		};
		AD2F66232B8D62EC0040C7ED /* LaunchScreen.storyboard */ = {
			isa = PBXVariantGroup;
			children = (
				AD2F66242B8D62EC0040C7ED /* Base */,
			);
			name = LaunchScreen.storyboard;
			sourceTree = "<group>";
		};
/* End PBXVariantGroup section */

/* Begin XCBuildConfiguration section */
		AD2F663D2B8D62ED0040C7ED /* Debug */ = {
			isa = XCBuildConfiguration;
			buildSettings = {
				ALWAYS_SEARCH_USER_PATHS = NO;
				ASSETCATALOG_COMPILER_GENERATE_SWIFT_ASSET_SYMBOL_EXTENSIONS = YES;
				CLANG_ANALYZER_NONNULL = YES;
				CLANG_ANALYZER_NUMBER_OBJECT_CONVERSION = YES_AGGRESSIVE;
				CLANG_CXX_LANGUAGE_STANDARD = "gnu++20";
				CLANG_ENABLE_MODULES = YES;
				CLANG_ENABLE_OBJC_ARC = YES;
				CLANG_ENABLE_OBJC_WEAK = YES;
				CLANG_WARN_BLOCK_CAPTURE_AUTORELEASING = YES;
				CLANG_WARN_BOOL_CONVERSION = YES;
				CLANG_WARN_COMMA = YES;
				CLANG_WARN_CONSTANT_CONVERSION = YES;
				CLANG_WARN_DEPRECATED_OBJC_IMPLEMENTATIONS = YES;
				CLANG_WARN_DIRECT_OBJC_ISA_USAGE = YES_ERROR;
				CLANG_WARN_DOCUMENTATION_COMMENTS = YES;
				CLANG_WARN_EMPTY_BODY = YES;
				CLANG_WARN_ENUM_CONVERSION = YES;
				CLANG_WARN_INFINITE_RECURSION = YES;
				CLANG_WARN_INT_CONVERSION = YES;
				CLANG_WARN_NON_LITERAL_NULL_CONVERSION = YES;
				CLANG_WARN_OBJC_IMPLICIT_RETAIN_SELF = YES;
				CLANG_WARN_OBJC_LITERAL_CONVERSION = YES;
				CLANG_WARN_OBJC_ROOT_CLASS = YES_ERROR;
				CLANG_WARN_QUOTED_INCLUDE_IN_FRAMEWORK_HEADER = YES;
				CLANG_WARN_RANGE_LOOP_ANALYSIS = YES;
				CLANG_WARN_STRICT_PROTOTYPES = YES;
				CLANG_WARN_SUSPICIOUS_MOVE = YES;
				CLANG_WARN_UNGUARDED_AVAILABILITY = YES_AGGRESSIVE;
				CLANG_WARN_UNREACHABLE_CODE = YES;
				CLANG_WARN__DUPLICATE_METHOD_MATCH = YES;
				COPY_PHASE_STRIP = NO;
				DEBUG_INFORMATION_FORMAT = dwarf;
				ENABLE_STRICT_OBJC_MSGSEND = YES;
				ENABLE_TESTABILITY = YES;
				ENABLE_USER_SCRIPT_SANDBOXING = YES;
				GCC_C_LANGUAGE_STANDARD = gnu17;
				GCC_DYNAMIC_NO_PIC = NO;
				GCC_NO_COMMON_BLOCKS = YES;
				GCC_OPTIMIZATION_LEVEL = 0;
				GCC_PREPROCESSOR_DEFINITIONS = (
					"DEBUG=1",
					"$(inherited)",
				);
				GCC_WARN_64_TO_32_BIT_CONVERSION = YES;
				GCC_WARN_ABOUT_RETURN_TYPE = YES_ERROR;
				GCC_WARN_UNDECLARED_SELECTOR = YES;
				GCC_WARN_UNINITIALIZED_AUTOS = YES_AGGRESSIVE;
				GCC_WARN_UNUSED_FUNCTION = YES;
				GCC_WARN_UNUSED_VARIABLE = YES;
				IPHONEOS_DEPLOYMENT_TARGET = 17.2;
				LOCALIZATION_PREFERS_STRING_CATALOGS = YES;
				MTL_ENABLE_DEBUG_INFO = INCLUDE_SOURCE;
				MTL_FAST_MATH = YES;
				ONLY_ACTIVE_ARCH = YES;
				SDKROOT = iphoneos;
				SWIFT_ACTIVE_COMPILATION_CONDITIONS = "DEBUG $(inherited)";
				SWIFT_OPTIMIZATION_LEVEL = "-Onone";
			};
			name = Debug;
		};
		AD2F663E2B8D62ED0040C7ED /* Release */ = {
			isa = XCBuildConfiguration;
			buildSettings = {
				ALWAYS_SEARCH_USER_PATHS = NO;
				ASSETCATALOG_COMPILER_GENERATE_SWIFT_ASSET_SYMBOL_EXTENSIONS = YES;
				CLANG_ANALYZER_NONNULL = YES;
				CLANG_ANALYZER_NUMBER_OBJECT_CONVERSION = YES_AGGRESSIVE;
				CLANG_CXX_LANGUAGE_STANDARD = "gnu++20";
				CLANG_ENABLE_MODULES = YES;
				CLANG_ENABLE_OBJC_ARC = YES;
				CLANG_ENABLE_OBJC_WEAK = YES;
				CLANG_WARN_BLOCK_CAPTURE_AUTORELEASING = YES;
				CLANG_WARN_BOOL_CONVERSION = YES;
				CLANG_WARN_COMMA = YES;
				CLANG_WARN_CONSTANT_CONVERSION = YES;
				CLANG_WARN_DEPRECATED_OBJC_IMPLEMENTATIONS = YES;
				CLANG_WARN_DIRECT_OBJC_ISA_USAGE = YES_ERROR;
				CLANG_WARN_DOCUMENTATION_COMMENTS = YES;
				CLANG_WARN_EMPTY_BODY = YES;
				CLANG_WARN_ENUM_CONVERSION = YES;
				CLANG_WARN_INFINITE_RECURSION = YES;
				CLANG_WARN_INT_CONVERSION = YES;
				CLANG_WARN_NON_LITERAL_NULL_CONVERSION = YES;
				CLANG_WARN_OBJC_IMPLICIT_RETAIN_SELF = YES;
				CLANG_WARN_OBJC_LITERAL_CONVERSION = YES;
				CLANG_WARN_OBJC_ROOT_CLASS = YES_ERROR;
				CLANG_WARN_QUOTED_INCLUDE_IN_FRAMEWORK_HEADER = YES;
				CLANG_WARN_RANGE_LOOP_ANALYSIS = YES;
				CLANG_WARN_STRICT_PROTOTYPES = YES;
				CLANG_WARN_SUSPICIOUS_MOVE = YES;
				CLANG_WARN_UNGUARDED_AVAILABILITY = YES_AGGRESSIVE;
				CLANG_WARN_UNREACHABLE_CODE = YES;
				CLANG_WARN__DUPLICATE_METHOD_MATCH = YES;
				COPY_PHASE_STRIP = NO;
				DEBUG_INFORMATION_FORMAT = "dwarf-with-dsym";
				ENABLE_NS_ASSERTIONS = NO;
				ENABLE_STRICT_OBJC_MSGSEND = YES;
				ENABLE_USER_SCRIPT_SANDBOXING = YES;
				GCC_C_LANGUAGE_STANDARD = gnu17;
				GCC_NO_COMMON_BLOCKS = YES;
				GCC_WARN_64_TO_32_BIT_CONVERSION = YES;
				GCC_WARN_ABOUT_RETURN_TYPE = YES_ERROR;
				GCC_WARN_UNDECLARED_SELECTOR = YES;
				GCC_WARN_UNINITIALIZED_AUTOS = YES_AGGRESSIVE;
				GCC_WARN_UNUSED_FUNCTION = YES;
				GCC_WARN_UNUSED_VARIABLE = YES;
				IPHONEOS_DEPLOYMENT_TARGET = 17.2;
				LOCALIZATION_PREFERS_STRING_CATALOGS = YES;
				MTL_ENABLE_DEBUG_INFO = NO;
				MTL_FAST_MATH = YES;
				SDKROOT = iphoneos;
				SWIFT_COMPILATION_MODE = wholemodule;
				VALIDATE_PRODUCT = YES;
			};
			name = Release;
		};
		AD2F66402B8D62ED0040C7ED /* Debug */ = {
			isa = XCBuildConfiguration;
			buildSettings = {
				ASSETCATALOG_COMPILER_APPICON_NAME = AppIcon;
				ASSETCATALOG_COMPILER_GLOBAL_ACCENT_COLOR_NAME = AccentColor;
				CODE_SIGN_STYLE = Automatic;
				CURRENT_PROJECT_VERSION = 1;
				DEVELOPMENT_TEAM = M5HP2X63HX;
				GENERATE_INFOPLIST_FILE = YES;
				INFOPLIST_FILE = video_player/Info.plist;
				INFOPLIST_KEY_UIApplicationSupportsIndirectInputEvents = YES;
				INFOPLIST_KEY_UILaunchStoryboardName = LaunchScreen;
				INFOPLIST_KEY_UIMainStoryboardFile = Main;
				INFOPLIST_KEY_UISupportedInterfaceOrientations_iPad = "UIInterfaceOrientationPortrait UIInterfaceOrientationPortraitUpsideDown UIInterfaceOrientationLandscapeLeft UIInterfaceOrientationLandscapeRight";
				INFOPLIST_KEY_UISupportedInterfaceOrientations_iPhone = "UIInterfaceOrientationPortrait UIInterfaceOrientationLandscapeLeft UIInterfaceOrientationLandscapeRight";
				LD_RUNPATH_SEARCH_PATHS = (
					"$(inherited)",
					"@executable_path/Frameworks",
				);
				MARKETING_VERSION = 1.0;
				PRODUCT_BUNDLE_IDENTIFIER = "vdeo.video-player";
				PRODUCT_NAME = "$(TARGET_NAME)";
				SWIFT_EMIT_LOC_STRINGS = YES;
				SWIFT_VERSION = 5.0;
				TARGETED_DEVICE_FAMILY = "1,2";
			};
			name = Debug;
		};
		AD2F66412B8D62ED0040C7ED /* Release */ = {
			isa = XCBuildConfiguration;
			buildSettings = {
				ASSETCATALOG_COMPILER_APPICON_NAME = AppIcon;
				ASSETCATALOG_COMPILER_GLOBAL_ACCENT_COLOR_NAME = AccentColor;
				CODE_SIGN_STYLE = Automatic;
				CURRENT_PROJECT_VERSION = 1;
				DEVELOPMENT_TEAM = M5HP2X63HX;
				GENERATE_INFOPLIST_FILE = YES;
				INFOPLIST_FILE = video_player/Info.plist;
				INFOPLIST_KEY_UIApplicationSupportsIndirectInputEvents = YES;
				INFOPLIST_KEY_UILaunchStoryboardName = LaunchScreen;
				INFOPLIST_KEY_UIMainStoryboardFile = Main;
				INFOPLIST_KEY_UISupportedInterfaceOrientations_iPad = "UIInterfaceOrientationPortrait UIInterfaceOrientationPortraitUpsideDown UIInterfaceOrientationLandscapeLeft UIInterfaceOrientationLandscapeRight";
				INFOPLIST_KEY_UISupportedInterfaceOrientations_iPhone = "UIInterfaceOrientationPortrait UIInterfaceOrientationLandscapeLeft UIInterfaceOrientationLandscapeRight";
				LD_RUNPATH_SEARCH_PATHS = (
					"$(inherited)",
					"@executable_path/Frameworks",
				);
				MARKETING_VERSION = 1.0;
				PRODUCT_BUNDLE_IDENTIFIER = "vdeo.video-player";
				PRODUCT_NAME = "$(TARGET_NAME)";
				SWIFT_EMIT_LOC_STRINGS = YES;
				SWIFT_VERSION = 5.0;
				TARGETED_DEVICE_FAMILY = "1,2";
			};
			name = Release;
		};
		AD2F66432B8D62ED0040C7ED /* Debug */ = {
			isa = XCBuildConfiguration;
			buildSettings = {
				ALWAYS_EMBED_SWIFT_STANDARD_LIBRARIES = YES;
				BUNDLE_LOADER = "$(TEST_HOST)";
				CODE_SIGN_STYLE = Automatic;
				CURRENT_PROJECT_VERSION = 1;
				DEVELOPMENT_TEAM = M5HP2X63HX;
				GENERATE_INFOPLIST_FILE = YES;
				IPHONEOS_DEPLOYMENT_TARGET = 17.2;
				MARKETING_VERSION = 1.0;
				PRODUCT_BUNDLE_IDENTIFIER = "vdeo.video-playerTests";
				PRODUCT_NAME = "$(TARGET_NAME)";
				SWIFT_EMIT_LOC_STRINGS = NO;
				SWIFT_VERSION = 5.0;
				TARGETED_DEVICE_FAMILY = "1,2";
				TEST_HOST = "$(BUILT_PRODUCTS_DIR)/video_player.app/$(BUNDLE_EXECUTABLE_FOLDER_PATH)/video_player";
			};
			name = Debug;
		};
		AD2F66442B8D62ED0040C7ED /* Release */ = {
			isa = XCBuildConfiguration;
			buildSettings = {
				ALWAYS_EMBED_SWIFT_STANDARD_LIBRARIES = YES;
				BUNDLE_LOADER = "$(TEST_HOST)";
				CODE_SIGN_STYLE = Automatic;
				CURRENT_PROJECT_VERSION = 1;
				DEVELOPMENT_TEAM = M5HP2X63HX;
				GENERATE_INFOPLIST_FILE = YES;
				IPHONEOS_DEPLOYMENT_TARGET = 17.2;
				MARKETING_VERSION = 1.0;
				PRODUCT_BUNDLE_IDENTIFIER = "vdeo.video-playerTests";
				PRODUCT_NAME = "$(TARGET_NAME)";
				SWIFT_EMIT_LOC_STRINGS = NO;
				SWIFT_VERSION = 5.0;
				TARGETED_DEVICE_FAMILY = "1,2";
				TEST_HOST = "$(BUILT_PRODUCTS_DIR)/video_player.app/$(BUNDLE_EXECUTABLE_FOLDER_PATH)/video_player";
			};
			name = Release;
		};
		AD2F66462B8D62ED0040C7ED /* Debug */ = {
			isa = XCBuildConfiguration;
			buildSettings = {
				ALWAYS_EMBED_SWIFT_STANDARD_LIBRARIES = YES;
				CODE_SIGN_STYLE = Automatic;
				CURRENT_PROJECT_VERSION = 1;
				DEVELOPMENT_TEAM = M5HP2X63HX;
				GENERATE_INFOPLIST_FILE = YES;
				MARKETING_VERSION = 1.0;
				PRODUCT_BUNDLE_IDENTIFIER = "vdeo.video-playerUITests";
				PRODUCT_NAME = "$(TARGET_NAME)";
				SWIFT_EMIT_LOC_STRINGS = NO;
				SWIFT_VERSION = 5.0;
				TARGETED_DEVICE_FAMILY = "1,2";
				TEST_TARGET_NAME = video_player;
			};
			name = Debug;
		};
		AD2F66472B8D62ED0040C7ED /* Release */ = {
			isa = XCBuildConfiguration;
			buildSettings = {
				ALWAYS_EMBED_SWIFT_STANDARD_LIBRARIES = YES;
				CODE_SIGN_STYLE = Automatic;
				CURRENT_PROJECT_VERSION = 1;
				DEVELOPMENT_TEAM = M5HP2X63HX;
				GENERATE_INFOPLIST_FILE = YES;
				MARKETING_VERSION = 1.0;
				PRODUCT_BUNDLE_IDENTIFIER = "vdeo.video-playerUITests";
				PRODUCT_NAME = "$(TARGET_NAME)";
				SWIFT_EMIT_LOC_STRINGS = NO;
				SWIFT_VERSION = 5.0;
				TARGETED_DEVICE_FAMILY = "1,2";
				TEST_TARGET_NAME = video_player;
			};
			name = Release;
		};
/* End XCBuildConfiguration section */

/* Begin XCConfigurationList section */
		AD2F66102B8D62E80040C7ED /* Build configuration list for PBXProject "video_player" */ = {
			isa = XCConfigurationList;
			buildConfigurations = (
				AD2F663D2B8D62ED0040C7ED /* Debug */,
				AD2F663E2B8D62ED0040C7ED /* Release */,
			);
			defaultConfigurationIsVisible = 0;
			defaultConfigurationName = Release;
		};
		AD2F663F2B8D62ED0040C7ED /* Build configuration list for PBXNativeTarget "video_player" */ = {
			isa = XCConfigurationList;
			buildConfigurations = (
				AD2F66402B8D62ED0040C7ED /* Debug */,
				AD2F66412B8D62ED0040C7ED /* Release */,
			);
			defaultConfigurationIsVisible = 0;
			defaultConfigurationName = Release;
		};
		AD2F66422B8D62ED0040C7ED /* Build configuration list for PBXNativeTarget "video_playerTests" */ = {
			isa = XCConfigurationList;
			buildConfigurations = (
				AD2F66432B8D62ED0040C7ED /* Debug */,
				AD2F66442B8D62ED0040C7ED /* Release */,
			);
			defaultConfigurationIsVisible = 0;
			defaultConfigurationName = Release;
		};
		AD2F66452B8D62ED0040C7ED /* Build configuration list for PBXNativeTarget "video_playerUITests" */ = {
			isa = XCConfigurationList;
			buildConfigurations = (
				AD2F66462B8D62ED0040C7ED /* Debug */,
				AD2F66472B8D62ED0040C7ED /* Release */,
			);
			defaultConfigurationIsVisible = 0;
			defaultConfigurationName = Release;
		};
/* End XCConfigurationList section */
	};
	rootObject = AD2F660D2B8D62E80040C7ED /* Project object */;
}
